// !$*UTF8*$!
{
	archiveVersion = 1;
	classes = {
	};
	objectVersion = 46;
	objects = {

/* Begin PBXBuildFile section */
		8EE7C11314E748E300C95552 /* Foundation.framework in Frameworks */ = {isa = PBXBuildFile; fileRef = 8EE7C11214E748E300C95552 /* Foundation.framework */; };
		8EE7C11514E748E300C95552 /* UIKit.framework in Frameworks */ = {isa = PBXBuildFile; fileRef = 8EE7C11414E748E300C95552 /* UIKit.framework */; };
		8EE7C11714E748E300C95552 /* CoreGraphics.framework in Frameworks */ = {isa = PBXBuildFile; fileRef = 8EE7C11614E748E300C95552 /* CoreGraphics.framework */; };
		8EE7C11914E748E300C95552 /* AddressBook.framework in Frameworks */ = {isa = PBXBuildFile; fileRef = 8EE7C11814E748E300C95552 /* AddressBook.framework */; };
		8EE7C11B14E748E300C95552 /* AddressBookUI.framework in Frameworks */ = {isa = PBXBuildFile; fileRef = 8EE7C11A14E748E300C95552 /* AddressBookUI.framework */; };
		8EE7C11D14E748E300C95552 /* AudioToolbox.framework in Frameworks */ = {isa = PBXBuildFile; fileRef = 8EE7C11C14E748E300C95552 /* AudioToolbox.framework */; };
		8EE7C11F14E748E300C95552 /* AVFoundation.framework in Frameworks */ = {isa = PBXBuildFile; fileRef = 8EE7C11E14E748E300C95552 /* AVFoundation.framework */; };
		8EE7C12114E748E300C95552 /* CoreLocation.framework in Frameworks */ = {isa = PBXBuildFile; fileRef = 8EE7C12014E748E300C95552 /* CoreLocation.framework */; };
		8EE7C12314E748E300C95552 /* MediaPlayer.framework in Frameworks */ = {isa = PBXBuildFile; fileRef = 8EE7C12214E748E300C95552 /* MediaPlayer.framework */; };
		8EE7C12514E748E300C95552 /* QuartzCore.framework in Frameworks */ = {isa = PBXBuildFile; fileRef = 8EE7C12414E748E300C95552 /* QuartzCore.framework */; };
		8EE7C12714E748E300C95552 /* SystemConfiguration.framework in Frameworks */ = {isa = PBXBuildFile; fileRef = 8EE7C12614E748E300C95552 /* SystemConfiguration.framework */; };
		8EE7C12914E748E300C95552 /* MobileCoreServices.framework in Frameworks */ = {isa = PBXBuildFile; fileRef = 8EE7C12814E748E300C95552 /* MobileCoreServices.framework */; };
		8EE7C12B14E748E300C95552 /* CoreMedia.framework in Frameworks */ = {isa = PBXBuildFile; fileRef = 8EE7C12A14E748E300C95552 /* CoreMedia.framework */; };
		8EE7C13114E748E300C95552 /* InfoPlist.strings in Resources */ = {isa = PBXBuildFile; fileRef = 8EE7C12F14E748E300C95552 /* InfoPlist.strings */; };
		8EE7C13314E748E400C95552 /* main.m in Sources */ = {isa = PBXBuildFile; fileRef = 8EE7C13214E748E400C95552 /* main.m */; };
		8EE7C13614E748E400C95552 /* PhoneGap.framework in Frameworks */ = {isa = PBXBuildFile; fileRef = 8EE7C13514E748E400C95552 /* PhoneGap.framework */; };
		8EE7C13B14E748E400C95552 /* Localizable.strings in Resources */ = {isa = PBXBuildFile; fileRef = 8EE7C13914E748E400C95552 /* Localizable.strings */; };
		8EE7C13F14E748E400C95552 /* Localizable.strings in Resources */ = {isa = PBXBuildFile; fileRef = 8EE7C13D14E748E400C95552 /* Localizable.strings */; };
		8EE7C14214E748E400C95552 /* icon.png in Resources */ = {isa = PBXBuildFile; fileRef = 8EE7C14114E748E400C95552 /* icon.png */; };
		8EE7C14414E748E400C95552 /* icon@2x.png in Resources */ = {isa = PBXBuildFile; fileRef = 8EE7C14314E748E400C95552 /* icon@2x.png */; };
		8EE7C14614E748E400C95552 /* icon-72.png in Resources */ = {isa = PBXBuildFile; fileRef = 8EE7C14514E748E400C95552 /* icon-72.png */; };
		8EE7C14914E748E400C95552 /* Default.png in Resources */ = {isa = PBXBuildFile; fileRef = 8EE7C14814E748E400C95552 /* Default.png */; };
		8EE7C14B14E748E400C95552 /* Default@2x.png in Resources */ = {isa = PBXBuildFile; fileRef = 8EE7C14A14E748E400C95552 /* Default@2x.png */; };
		8EE7C14D14E748E400C95552 /* Capture.bundle in Resources */ = {isa = PBXBuildFile; fileRef = 8EE7C14C14E748E400C95552 /* Capture.bundle */; };
		8EE7C14F14E748E400C95552 /* PhoneGap.plist in Resources */ = {isa = PBXBuildFile; fileRef = 8EE7C14E14E748E400C95552 /* PhoneGap.plist */; };
		8EE7C15314E748E400C95552 /* AppDelegate.m in Sources */ = {isa = PBXBuildFile; fileRef = 8EE7C15214E748E400C95552 /* AppDelegate.m */; };
		8EE7C15614E748E400C95552 /* MainViewController.m in Sources */ = {isa = PBXBuildFile; fileRef = 8EE7C15514E748E400C95552 /* MainViewController.m */; };
		8EE7C15814E748E400C95552 /* MainViewController.xib in Resources */ = {isa = PBXBuildFile; fileRef = 8EE7C15714E748E400C95552 /* MainViewController.xib */; };
		8EE7C16114E7498700C95552 /* www in Resources */ = {isa = PBXBuildFile; fileRef = 8EE7C16014E7498700C95552 /* www */; };
/* End PBXBuildFile section */

/* Begin PBXFileReference section */
		8EE7C10E14E748E300C95552 /* AVFW Week2.app */ = {isa = PBXFileReference; explicitFileType = wrapper.application; includeInIndex = 0; path = "AVFW Week2.app"; sourceTree = BUILT_PRODUCTS_DIR; };
		8EE7C11214E748E300C95552 /* Foundation.framework */ = {isa = PBXFileReference; lastKnownFileType = wrapper.framework; name = Foundation.framework; path = System/Library/Frameworks/Foundation.framework; sourceTree = SDKROOT; };
		8EE7C11414E748E300C95552 /* UIKit.framework */ = {isa = PBXFileReference; lastKnownFileType = wrapper.framework; name = UIKit.framework; path = System/Library/Frameworks/UIKit.framework; sourceTree = SDKROOT; };
		8EE7C11614E748E300C95552 /* CoreGraphics.framework */ = {isa = PBXFileReference; lastKnownFileType = wrapper.framework; name = CoreGraphics.framework; path = System/Library/Frameworks/CoreGraphics.framework; sourceTree = SDKROOT; };
		8EE7C11814E748E300C95552 /* AddressBook.framework */ = {isa = PBXFileReference; lastKnownFileType = wrapper.framework; name = AddressBook.framework; path = System/Library/Frameworks/AddressBook.framework; sourceTree = SDKROOT; };
		8EE7C11A14E748E300C95552 /* AddressBookUI.framework */ = {isa = PBXFileReference; lastKnownFileType = wrapper.framework; name = AddressBookUI.framework; path = System/Library/Frameworks/AddressBookUI.framework; sourceTree = SDKROOT; };
		8EE7C11C14E748E300C95552 /* AudioToolbox.framework */ = {isa = PBXFileReference; lastKnownFileType = wrapper.framework; name = AudioToolbox.framework; path = System/Library/Frameworks/AudioToolbox.framework; sourceTree = SDKROOT; };
		8EE7C11E14E748E300C95552 /* AVFoundation.framework */ = {isa = PBXFileReference; lastKnownFileType = wrapper.framework; name = AVFoundation.framework; path = System/Library/Frameworks/AVFoundation.framework; sourceTree = SDKROOT; };
		8EE7C12014E748E300C95552 /* CoreLocation.framework */ = {isa = PBXFileReference; lastKnownFileType = wrapper.framework; name = CoreLocation.framework; path = System/Library/Frameworks/CoreLocation.framework; sourceTree = SDKROOT; };
		8EE7C12214E748E300C95552 /* MediaPlayer.framework */ = {isa = PBXFileReference; lastKnownFileType = wrapper.framework; name = MediaPlayer.framework; path = System/Library/Frameworks/MediaPlayer.framework; sourceTree = SDKROOT; };
		8EE7C12414E748E300C95552 /* QuartzCore.framework */ = {isa = PBXFileReference; lastKnownFileType = wrapper.framework; name = QuartzCore.framework; path = System/Library/Frameworks/QuartzCore.framework; sourceTree = SDKROOT; };
		8EE7C12614E748E300C95552 /* SystemConfiguration.framework */ = {isa = PBXFileReference; lastKnownFileType = wrapper.framework; name = SystemConfiguration.framework; path = System/Library/Frameworks/SystemConfiguration.framework; sourceTree = SDKROOT; };
		8EE7C12814E748E300C95552 /* MobileCoreServices.framework */ = {isa = PBXFileReference; lastKnownFileType = wrapper.framework; name = MobileCoreServices.framework; path = System/Library/Frameworks/MobileCoreServices.framework; sourceTree = SDKROOT; };
		8EE7C12A14E748E300C95552 /* CoreMedia.framework */ = {isa = PBXFileReference; lastKnownFileType = wrapper.framework; name = CoreMedia.framework; path = System/Library/Frameworks/CoreMedia.framework; sourceTree = SDKROOT; };
		8EE7C12E14E748E300C95552 /* AVFW Week2-Info.plist */ = {isa = PBXFileReference; lastKnownFileType = text.plist.xml; path = "AVFW Week2-Info.plist"; sourceTree = "<group>"; };
		8EE7C13014E748E300C95552 /* en */ = {isa = PBXFileReference; lastKnownFileType = text.plist.strings; name = en; path = en.lproj/InfoPlist.strings; sourceTree = "<group>"; };
		8EE7C13214E748E400C95552 /* main.m */ = {isa = PBXFileReference; lastKnownFileType = sourcecode.c.objc; path = main.m; sourceTree = "<group>"; };
		8EE7C13414E748E400C95552 /* AVFW Week2-Prefix.pch */ = {isa = PBXFileReference; lastKnownFileType = sourcecode.c.h; path = "AVFW Week2-Prefix.pch"; sourceTree = "<group>"; };
		8EE7C13514E748E400C95552 /* PhoneGap.framework */ = {isa = PBXFileReference; lastKnownFileType = wrapper.framework; name = PhoneGap.framework; path = /Users/Shared/PhoneGap/Frameworks/PhoneGap.framework; sourceTree = "<absolute>"; };
		8EE7C13A14E748E400C95552 /* en */ = {isa = PBXFileReference; lastKnownFileType = text.plist.strings; name = en; path = Resources/en.lproj/Localizable.strings; sourceTree = "<group>"; };
		8EE7C13E14E748E400C95552 /* es */ = {isa = PBXFileReference; lastKnownFileType = text.plist.strings; name = es; path = Resources/es.lproj/Localizable.strings; sourceTree = "<group>"; };
		8EE7C14114E748E400C95552 /* icon.png */ = {isa = PBXFileReference; lastKnownFileType = image.png; name = icon.png; path = Resources/icons/icon.png; sourceTree = "<group>"; };
		8EE7C14314E748E400C95552 /* icon@2x.png */ = {isa = PBXFileReference; lastKnownFileType = image.png; name = "icon@2x.png"; path = "Resources/icons/icon@2x.png"; sourceTree = "<group>"; };
		8EE7C14514E748E400C95552 /* icon-72.png */ = {isa = PBXFileReference; lastKnownFileType = image.png; name = "icon-72.png"; path = "Resources/icons/icon-72.png"; sourceTree = "<group>"; };
		8EE7C14814E748E400C95552 /* Default.png */ = {isa = PBXFileReference; lastKnownFileType = image.png; name = Default.png; path = Resources/splash/Default.png; sourceTree = "<group>"; };
		8EE7C14A14E748E400C95552 /* Default@2x.png */ = {isa = PBXFileReference; lastKnownFileType = image.png; name = "Default@2x.png"; path = "Resources/splash/Default@2x.png"; sourceTree = "<group>"; };
		8EE7C14C14E748E400C95552 /* Capture.bundle */ = {isa = PBXFileReference; lastKnownFileType = "wrapper.plug-in"; name = Capture.bundle; path = Resources/Capture.bundle; sourceTree = "<group>"; };
		8EE7C14E14E748E400C95552 /* PhoneGap.plist */ = {isa = PBXFileReference; lastKnownFileType = text.plist.xml; path = PhoneGap.plist; sourceTree = "<group>"; };
		8EE7C15114E748E400C95552 /* AppDelegate.h */ = {isa = PBXFileReference; lastKnownFileType = sourcecode.c.h; name = AppDelegate.h; path = Classes/AppDelegate.h; sourceTree = "<group>"; };
		8EE7C15214E748E400C95552 /* AppDelegate.m */ = {isa = PBXFileReference; lastKnownFileType = sourcecode.c.objc; name = AppDelegate.m; path = Classes/AppDelegate.m; sourceTree = "<group>"; };
		8EE7C15414E748E400C95552 /* MainViewController.h */ = {isa = PBXFileReference; lastKnownFileType = sourcecode.c.h; name = MainViewController.h; path = Classes/MainViewController.h; sourceTree = "<group>"; };
		8EE7C15514E748E400C95552 /* MainViewController.m */ = {isa = PBXFileReference; lastKnownFileType = sourcecode.c.objc; name = MainViewController.m; path = Classes/MainViewController.m; sourceTree = "<group>"; };
		8EE7C15714E748E400C95552 /* MainViewController.xib */ = {isa = PBXFileReference; lastKnownFileType = file.xib; name = MainViewController.xib; path = Classes/MainViewController.xib; sourceTree = "<group>"; };
		8EE7C15A14E748E400C95552 /* README */ = {isa = PBXFileReference; lastKnownFileType = text; name = README; path = Plugins/README; sourceTree = "<group>"; };
		8EE7C16014E7498700C95552 /* www */ = {isa = PBXFileReference; lastKnownFileType = folder; path = www; sourceTree = "<group>"; };
/* End PBXFileReference section */

/* Begin PBXFrameworksBuildPhase section */
		8EE7C10814E748E300C95552 /* Frameworks */ = {
			isa = PBXFrameworksBuildPhase;
			buildActionMask = 2147483647;
			files = (
				8EE7C11314E748E300C95552 /* Foundation.framework in Frameworks */,
				8EE7C11514E748E300C95552 /* UIKit.framework in Frameworks */,
				8EE7C11714E748E300C95552 /* CoreGraphics.framework in Frameworks */,
				8EE7C11914E748E300C95552 /* AddressBook.framework in Frameworks */,
				8EE7C11B14E748E300C95552 /* AddressBookUI.framework in Frameworks */,
				8EE7C11D14E748E300C95552 /* AudioToolbox.framework in Frameworks */,
				8EE7C11F14E748E300C95552 /* AVFoundation.framework in Frameworks */,
				8EE7C12114E748E300C95552 /* CoreLocation.framework in Frameworks */,
				8EE7C12314E748E300C95552 /* MediaPlayer.framework in Frameworks */,
				8EE7C12514E748E300C95552 /* QuartzCore.framework in Frameworks */,
				8EE7C12714E748E300C95552 /* SystemConfiguration.framework in Frameworks */,
				8EE7C12914E748E300C95552 /* MobileCoreServices.framework in Frameworks */,
				8EE7C12B14E748E300C95552 /* CoreMedia.framework in Frameworks */,
				8EE7C13614E748E400C95552 /* PhoneGap.framework in Frameworks */,
			);
			runOnlyForDeploymentPostprocessing = 0;
		};
		8EE7C10B14E748E300C95552 /* Frameworks */ = {
			isa = PBXFrameworksBuildPhase;
			buildActionMask = 2147483647;
			files = (
			);
			runOnlyForDeploymentPostprocessing = 0;
		};
/* End PBXFrameworksBuildPhase section */

/* Begin PBXGroup section */
		8EE7C10014E748E300C95552 = {
			isa = PBXGroup;
			children = (
				8EE7C16014E7498700C95552 /* www */,
				8EE7C12C14E748E300C95552 /* AVFW Week2 */,
				8EE7C11114E748E300C95552 /* Frameworks */,
				8EE7C10F14E748E300C95552 /* Products */,
			);
			sourceTree = "<group>";
		};
		8EE7C10F14E748E300C95552 /* Products */ = {
			isa = PBXGroup;
			children = (
				8EE7C10E14E748E300C95552 /* AVFW Week2.app */,
			);
			name = Products;
			sourceTree = "<group>";
		};
		8EE7C11114E748E300C95552 /* Frameworks */ = {
			isa = PBXGroup;
			children = (
				8EE7C11214E748E300C95552 /* Foundation.framework */,
				8EE7C11414E748E300C95552 /* UIKit.framework */,
				8EE7C11614E748E300C95552 /* CoreGraphics.framework */,
				8EE7C11814E748E300C95552 /* AddressBook.framework */,
				8EE7C11A14E748E300C95552 /* AddressBookUI.framework */,
				8EE7C11C14E748E300C95552 /* AudioToolbox.framework */,
				8EE7C11E14E748E300C95552 /* AVFoundation.framework */,
				8EE7C12014E748E300C95552 /* CoreLocation.framework */,
				8EE7C12214E748E300C95552 /* MediaPlayer.framework */,
				8EE7C12414E748E300C95552 /* QuartzCore.framework */,
				8EE7C12614E748E300C95552 /* SystemConfiguration.framework */,
				8EE7C12814E748E300C95552 /* MobileCoreServices.framework */,
				8EE7C12A14E748E300C95552 /* CoreMedia.framework */,
			);
			name = Frameworks;
			sourceTree = "<group>";
		};
		8EE7C12C14E748E300C95552 /* AVFW Week2 */ = {
			isa = PBXGroup;
			children = (
				8EE7C13514E748E400C95552 /* PhoneGap.framework */,
				8EE7C13714E748E400C95552 /* Resources */,
				8EE7C15014E748E400C95552 /* Classes */,
				8EE7C15914E748E400C95552 /* Plugins */,
				8EE7C12D14E748E300C95552 /* Supporting Files */,
			);
			path = "AVFW Week2";
			sourceTree = "<group>";
		};
		8EE7C12D14E748E300C95552 /* Supporting Files */ = {
			isa = PBXGroup;
			children = (
				8EE7C12E14E748E300C95552 /* AVFW Week2-Info.plist */,
				8EE7C12F14E748E300C95552 /* InfoPlist.strings */,
				8EE7C13214E748E400C95552 /* main.m */,
				8EE7C13414E748E400C95552 /* AVFW Week2-Prefix.pch */,
				8EE7C14E14E748E400C95552 /* PhoneGap.plist */,
				8EE7C15714E748E400C95552 /* MainViewController.xib */,
			);
			name = "Supporting Files";
			sourceTree = "<group>";
		};
		8EE7C13714E748E400C95552 /* Resources */ = {
			isa = PBXGroup;
			children = (
				8EE7C14C14E748E400C95552 /* Capture.bundle */,
				8EE7C13814E748E400C95552 /* en.lproj */,
				8EE7C13C14E748E400C95552 /* es.lproj */,
				8EE7C14014E748E400C95552 /* icons */,
				8EE7C14714E748E400C95552 /* splash */,
			);
			name = Resources;
			sourceTree = "<group>";
		};
		8EE7C13814E748E400C95552 /* en.lproj */ = {
			isa = PBXGroup;
			children = (
				8EE7C13914E748E400C95552 /* Localizable.strings */,
			);
			name = en.lproj;
			sourceTree = "<group>";
		};
		8EE7C13C14E748E400C95552 /* es.lproj */ = {
			isa = PBXGroup;
			children = (
				8EE7C13D14E748E400C95552 /* Localizable.strings */,
			);
			name = es.lproj;
			sourceTree = "<group>";
		};
		8EE7C14014E748E400C95552 /* icons */ = {
			isa = PBXGroup;
			children = (
				8EE7C14114E748E400C95552 /* icon.png */,
				8EE7C14314E748E400C95552 /* icon@2x.png */,
				8EE7C14514E748E400C95552 /* icon-72.png */,
			);
			name = icons;
			sourceTree = "<group>";
		};
		8EE7C14714E748E400C95552 /* splash */ = {
			isa = PBXGroup;
			children = (
				8EE7C14814E748E400C95552 /* Default.png */,
				8EE7C14A14E748E400C95552 /* Default@2x.png */,
			);
			name = splash;
			sourceTree = "<group>";
		};
		8EE7C15014E748E400C95552 /* Classes */ = {
			isa = PBXGroup;
			children = (
				8EE7C15114E748E400C95552 /* AppDelegate.h */,
				8EE7C15214E748E400C95552 /* AppDelegate.m */,
				8EE7C15414E748E400C95552 /* MainViewController.h */,
				8EE7C15514E748E400C95552 /* MainViewController.m */,
			);
			name = Classes;
			sourceTree = "<group>";
		};
		8EE7C15914E748E400C95552 /* Plugins */ = {
			isa = PBXGroup;
			children = (
				8EE7C15A14E748E400C95552 /* README */,
			);
			name = Plugins;
			sourceTree = "<group>";
		};
/* End PBXGroup section */

/* Begin PBXNativeTarget section */
		8EE7C10D14E748E300C95552 /* AVFW Week2 */ = {
			isa = PBXNativeTarget;
			buildConfigurationList = 8EE7C15D14E748E400C95552 /* Build configuration list for PBXNativeTarget "AVFW Week2" */;
			buildPhases = (
				8EE7C10714E748E300C95552 /* Sources */,
				8EE7C10814E748E300C95552 /* Frameworks */,
				8EE7C10914E748E300C95552 /* Resources */,
				8EE7C10A14E748E300C95552 /* Sources */,
				8EE7C10B14E748E300C95552 /* Frameworks */,
				8EE7C10C14E748E300C95552 /* ShellScript */,
			);
			buildRules = (
			);
			dependencies = (
			);
			name = "AVFW Week2";
			productName = "AVFW Week2";
			productReference = 8EE7C10E14E748E300C95552 /* AVFW Week2.app */;
			productType = "com.apple.product-type.application";
		};
/* End PBXNativeTarget section */

/* Begin PBXProject section */
		8EE7C10214E748E300C95552 /* Project object */ = {
			isa = PBXProject;
			attributes = {
				LastUpgradeCheck = 0420;
			};
			buildConfigurationList = 8EE7C10514E748E300C95552 /* Build configuration list for PBXProject "AVFW Week2" */;
			compatibilityVersion = "Xcode 3.2";
			developmentRegion = English;
			hasScannedForEncodings = 0;
			knownRegions = (
				en,
				es,
			);
			mainGroup = 8EE7C10014E748E300C95552;
			productRefGroup = 8EE7C10F14E748E300C95552 /* Products */;
			projectDirPath = "";
			projectRoot = "";
			targets = (
				8EE7C10D14E748E300C95552 /* AVFW Week2 */,
			);
		};
/* End PBXProject section */

/* Begin PBXResourcesBuildPhase section */
		8EE7C10914E748E300C95552 /* Resources */ = {
			isa = PBXResourcesBuildPhase;
			buildActionMask = 2147483647;
			files = (
				8EE7C13114E748E300C95552 /* InfoPlist.strings in Resources */,
				8EE7C13B14E748E400C95552 /* Localizable.strings in Resources */,
				8EE7C13F14E748E400C95552 /* Localizable.strings in Resources */,
				8EE7C14214E748E400C95552 /* icon.png in Resources */,
				8EE7C14414E748E400C95552 /* icon@2x.png in Resources */,
				8EE7C14614E748E400C95552 /* icon-72.png in Resources */,
				8EE7C14914E748E400C95552 /* Default.png in Resources */,
				8EE7C14B14E748E400C95552 /* Default@2x.png in Resources */,
				8EE7C14D14E748E400C95552 /* Capture.bundle in Resources */,
				8EE7C14F14E748E400C95552 /* PhoneGap.plist in Resources */,
				8EE7C15814E748E400C95552 /* MainViewController.xib in Resources */,
				8EE7C16114E7498700C95552 /* www in Resources */,
			);
			runOnlyForDeploymentPostprocessing = 0;
		};
/* End PBXResourcesBuildPhase section */

/* Begin PBXShellScriptBuildPhase section */
		8EE7C10C14E748E300C95552 /* ShellScript */ = {
			isa = PBXShellScriptBuildPhase;
			buildActionMask = 2147483647;
			files = (
			);
			inputPaths = (
			);
			outputPaths = (
			);
			runOnlyForDeploymentPostprocessing = 0;
			shellPath = /bin/bash;
			shellScript = "\n\t\t\t\t\t\t\t\tif [ ! -d \"$PROJECT_DIR/www\" ] ; then\n\t\t\t\t\t\t\t\t\tcp -R /Users/Shared/PhoneGap/Frameworks/PhoneGap.framework/www \"$PROJECT_DIR\"\n\t\t\t\t\t\t\t\tfi\n\t\t\t\t\t\t\t\t# detect www folder reference in project, if missing, print warning\n\t\t\t\t\t\t\t\tgrep \"{isa = PBXFileReference; lastKnownFileType = folder; path = www; sourceTree = \\\"<group>\\\"; };\" \"$PROJECT_DIR/$PROJECT_NAME.xcodeproj/project.pbxproj\"\n\t\t\t\t\t\t\t\trc=$? \n\t\t\t\t\t\t\t\tif [ $rc != 0 ] ; then\n\t\t\t\t\t\t\t\techo -e \"warning: Missing - Add $PROJECT_DIR/www as a folder reference in your project. Just drag and drop the folder into your project, into the Project Navigator of Xcode 4. Make sure you select the second radio-button: 'Create folder references for any added folders' (which will create a blue folder)\" 1>&2\n\t\t\t\t\t\t\t\tfi\t\t\t\t\t\t\t";
		};
/* End PBXShellScriptBuildPhase section */

/* Begin PBXSourcesBuildPhase section */
		8EE7C10714E748E300C95552 /* Sources */ = {
			isa = PBXSourcesBuildPhase;
			buildActionMask = 2147483647;
			files = (
				8EE7C13314E748E400C95552 /* main.m in Sources */,
				8EE7C15314E748E400C95552 /* AppDelegate.m in Sources */,
				8EE7C15614E748E400C95552 /* MainViewController.m in Sources */,
			);
			runOnlyForDeploymentPostprocessing = 0;
		};
		8EE7C10A14E748E300C95552 /* Sources */ = {
			isa = PBXSourcesBuildPhase;
			buildActionMask = 2147483647;
			files = (
			);
			runOnlyForDeploymentPostprocessing = 0;
		};
/* End PBXSourcesBuildPhase section */

/* Begin PBXVariantGroup section */
		8EE7C12F14E748E300C95552 /* InfoPlist.strings */ = {
			isa = PBXVariantGroup;
			children = (
				8EE7C13014E748E300C95552 /* en */,
			);
			name = InfoPlist.strings;
			sourceTree = "<group>";
		};
		8EE7C13914E748E400C95552 /* Localizable.strings */ = {
			isa = PBXVariantGroup;
			children = (
				8EE7C13A14E748E400C95552 /* en */,
			);
			name = Localizable.strings;
			sourceTree = "<group>";
		};
		8EE7C13D14E748E400C95552 /* Localizable.strings */ = {
			isa = PBXVariantGroup;
			children = (
				8EE7C13E14E748E400C95552 /* es */,
			);
			name = Localizable.strings;
			sourceTree = "<group>";
		};
/* End PBXVariantGroup section */

/* Begin XCBuildConfiguration section */
		8EE7C15B14E748E400C95552 /* Debug */ = {
			isa = XCBuildConfiguration;
			buildSettings = {
				ALWAYS_SEARCH_USER_PATHS = NO;
				ARCHS = "$(ARCHS_STANDARD_32_BIT)";
				CLANG_ENABLE_OBJC_ARC = YES;
				"CODE_SIGN_IDENTITY[sdk=iphoneos*]" = "iPhone Developer";
				COPY_PHASE_STRIP = NO;
				GCC_C_LANGUAGE_STANDARD = gnu99;
				GCC_DYNAMIC_NO_PIC = NO;
				GCC_OPTIMIZATION_LEVEL = 0;
				GCC_PREPROCESSOR_DEFINITIONS = (
					"DEBUG=1",
					"$(inherited)",
				);
				GCC_SYMBOLS_PRIVATE_EXTERN = NO;
				GCC_VERSION = com.apple.compilers.llvmgcc42;
				GCC_WARN_ABOUT_MISSING_PROTOTYPES = YES;
				GCC_WARN_ABOUT_RETURN_TYPE = YES;
				GCC_WARN_UNUSED_VARIABLE = YES;
				IPHONEOS_DEPLOYMENT_TARGET = 3.0;
				SDKROOT = iphoneos;
			};
			name = Debug;
		};
		8EE7C15C14E748E400C95552 /* Release */ = {
			isa = XCBuildConfiguration;
			buildSettings = {
				ALWAYS_SEARCH_USER_PATHS = NO;
				ARCHS = "$(ARCHS_STANDARD_32_BIT)";
				CLANG_ENABLE_OBJC_ARC = YES;
				"CODE_SIGN_IDENTITY[sdk=iphoneos*]" = "iPhone Developer";
				COPY_PHASE_STRIP = YES;
				GCC_C_LANGUAGE_STANDARD = gnu99;
				GCC_VERSION = com.apple.compilers.llvmgcc42;
				GCC_WARN_ABOUT_MISSING_PROTOTYPES = YES;
				GCC_WARN_ABOUT_RETURN_TYPE = YES;
				GCC_WARN_UNUSED_VARIABLE = YES;
				IPHONEOS_DEPLOYMENT_TARGET = 3.0;
				SDKROOT = iphoneos;
				VALIDATE_PRODUCT = YES;
			};
			name = Release;
		};
		8EE7C15E14E748E400C95552 /* Debug */ = {
			isa = XCBuildConfiguration;
			buildSettings = {
				ALWAYS_SEARCH_USER_PATHS = YES;
				COPY_PHASE_STRIP = NO;
				FRAMEWORK_SEARCH_PATHS = /Users/Shared/PhoneGap/Frameworks;
				GCC_DYNAMIC_NO_PIC = NO;
				GCC_PRECOMPILE_PREFIX_HEADER = YES;
				GCC_PREFIX_HEADER = "AVFW Week2/AVFW Week2-Prefix.pch";
				GCC_PREPROCESSOR_DEFINITIONS = "PHONEGAP_FRAMEWORK=YES";
				INFOPLIST_FILE = "AVFW Week2/AVFW Week2-Info.plist";
				OTHER_LDFLAGS = (
					"-weak_framework",
					UIKit,
					"-weak_framework",
					AVFoundation,
					"-weak_framework",
					CoreMedia,
					"-weak_library",
					/usr/lib/libSystem.B.dylib,
				);
				PRODUCT_NAME = "$(TARGET_NAME)";
				TARGETED_DEVICE_FAMILY = "1,2";
				WRAPPER_EXTENSION = app;
			};
			name = Debug;
		};
		8EE7C15F14E748E400C95552 /* Release */ = {
			isa = XCBuildConfiguration;
			buildSettings = {
				ALWAYS_SEARCH_USER_PATHS = YES;
				COPY_PHASE_STRIP = YES;
				DEBUG_INFORMATION_FORMAT = "dwarf-with-dsym";
				FRAMEWORK_SEARCH_PATHS = /Users/Shared/PhoneGap/Frameworks;
				GCC_PRECOMPILE_PREFIX_HEADER = YES;
				GCC_PREFIX_HEADER = "AVFW Week2/AVFW Week2-Prefix.pch";
				GCC_PREPROCESSOR_DEFINITIONS = "PHONEGAP_FRAMEWORK=YES";
				INFOPLIST_FILE = "AVFW Week2/AVFW Week2-Info.plist";
				OTHER_LDFLAGS = (
					"-weak_framework",
					UIKit,
					"-weak_framework",
					AVFoundation,
					"-weak_framework",
					CoreMedia,
					"-weak_library",
					/usr/lib/libSystem.B.dylib,
				);
				PRODUCT_NAME = "$(TARGET_NAME)";
				TARGETED_DEVICE_FAMILY = "1,2";
				VALIDATE_PRODUCT = YES;
				WRAPPER_EXTENSION = app;
			};
			name = Release;
		};
/* End XCBuildConfiguration section */

/* Begin XCConfigurationList section */
		8EE7C10514E748E300C95552 /* Build configuration list for PBXProject "AVFW Week2" */ = {
			isa = XCConfigurationList;
			buildConfigurations = (
				8EE7C15B14E748E400C95552 /* Debug */,
				8EE7C15C14E748E400C95552 /* Release */,
			);
			defaultConfigurationIsVisible = 0;
			defaultConfigurationName = Release;
		};
		8EE7C15D14E748E400C95552 /* Build configuration list for PBXNativeTarget "AVFW Week2" */ = {
			isa = XCConfigurationList;
			buildConfigurations = (
				8EE7C15E14E748E400C95552 /* Debug */,
				8EE7C15F14E748E400C95552 /* Release */,
			);
			defaultConfigurationIsVisible = 0;
		};
/* End XCConfigurationList section */
	};
	rootObject = 8EE7C10214E748E300C95552 /* Project object */;
}
